// !$*UTF8*$!
{
	archiveVersion = 1;
	classes = {
	};
	objectVersion = 50;
	objects = {

/* Begin PBXBuildFile section */
		7A551BAE2902B08B00D772E9 /* AppDelegate.swift in Sources */ = {isa = PBXBuildFile; fileRef = 7A551BAD2902B08B00D772E9 /* AppDelegate.swift */; };
		7A551BB02902B08B00D772E9 /* MainChatViewController.swift in Sources */ = {isa = PBXBuildFile; fileRef = 7A551BAF2902B08B00D772E9 /* MainChatViewController.swift */; };
		7A551BB32902B08B00D772E9 /* Main.storyboard in Resources */ = {isa = PBXBuildFile; fileRef = 7A551BB12902B08B00D772E9 /* Main.storyboard */; };
		7A551BB52902B08B00D772E9 /* Assets.xcassets in Resources */ = {isa = PBXBuildFile; fileRef = 7A551BB42902B08B00D772E9 /* Assets.xcassets */; };
		7A551BB82902B08B00D772E9 /* LaunchScreen.storyboard in Resources */ = {isa = PBXBuildFile; fileRef = 7A551BB62902B08B00D772E9 /* LaunchScreen.storyboard */; };
		7A551BC62902B24500D772E9 /* Bindable.swift in Sources */ = {isa = PBXBuildFile; fileRef = 7A551BC52902B24500D772E9 /* Bindable.swift */; };
		7A551BC92902B33F00D772E9 /* MainChatTableViewCell.swift in Sources */ = {isa = PBXBuildFile; fileRef = 7A551BC82902B33F00D772E9 /* MainChatTableViewCell.swift */; };
		7A551BCB2902BFF100D772E9 /* MainChatCollectionViewCell.swift in Sources */ = {isa = PBXBuildFile; fileRef = 7A551BCA2902BFF100D772E9 /* MainChatCollectionViewCell.swift */; };
/* End PBXBuildFile section */

/* Begin PBXFileReference section */
		7A551BAA2902B08B00D772E9 /* Project.app */ = {isa = PBXFileReference; explicitFileType = wrapper.application; includeInIndex = 0; path = Project.app; sourceTree = BUILT_PRODUCTS_DIR; };
		7A551BAD2902B08B00D772E9 /* AppDelegate.swift */ = {isa = PBXFileReference; lastKnownFileType = sourcecode.swift; path = AppDelegate.swift; sourceTree = "<group>"; };
		7A551BAF2902B08B00D772E9 /* MainChatViewController.swift */ = {isa = PBXFileReference; lastKnownFileType = sourcecode.swift; path = MainChatViewController.swift; sourceTree = "<group>"; };
		7A551BB22902B08B00D772E9 /* Base */ = {isa = PBXFileReference; lastKnownFileType = file.storyboard; name = Base; path = Base.lproj/Main.storyboard; sourceTree = "<group>"; };
		7A551BB42902B08B00D772E9 /* Assets.xcassets */ = {isa = PBXFileReference; lastKnownFileType = folder.assetcatalog; path = Assets.xcassets; sourceTree = "<group>"; };
		7A551BB72902B08B00D772E9 /* Base */ = {isa = PBXFileReference; lastKnownFileType = file.storyboard; name = Base; path = Base.lproj/LaunchScreen.storyboard; sourceTree = "<group>"; };
		7A551BB92902B08B00D772E9 /* Info.plist */ = {isa = PBXFileReference; lastKnownFileType = text.plist.xml; path = Info.plist; sourceTree = "<group>"; };
		7A551BC52902B24500D772E9 /* Bindable.swift */ = {isa = PBXFileReference; lastKnownFileType = sourcecode.swift; path = Bindable.swift; sourceTree = "<group>"; };
		7A551BC82902B33F00D772E9 /* MainChatTableViewCell.swift */ = {isa = PBXFileReference; lastKnownFileType = sourcecode.swift; path = MainChatTableViewCell.swift; sourceTree = "<group>"; };
		7A551BCA2902BFF100D772E9 /* MainChatCollectionViewCell.swift */ = {isa = PBXFileReference; lastKnownFileType = sourcecode.swift; path = MainChatCollectionViewCell.swift; sourceTree = "<group>"; };
/* End PBXFileReference section */

/* Begin PBXFrameworksBuildPhase section */
		7A551BA72902B08B00D772E9 /* Frameworks */ = {
			isa = PBXFrameworksBuildPhase;
			buildActionMask = 2147483647;
			files = (
			);
			runOnlyForDeploymentPostprocessing = 0;
		};
/* End PBXFrameworksBuildPhase section */

/* Begin PBXGroup section */
		7A551BA12902B08B00D772E9 = {
			isa = PBXGroup;
			children = (
				7A551BAC2902B08B00D772E9 /* Project */,
				7A551BAB2902B08B00D772E9 /* Products */,
			);
			sourceTree = "<group>";
		};
		7A551BAB2902B08B00D772E9 /* Products */ = {
			isa = PBXGroup;
			children = (
				7A551BAA2902B08B00D772E9 /* Project.app */,
			);
			name = Products;
			sourceTree = "<group>";
		};
		7A551BAC2902B08B00D772E9 /* Project */ = {
			isa = PBXGroup;
			children = (
				7A551BC32902B1BC00D772E9 /* Info_Plist */,
				7A551BC22902B1B900D772E9 /* Extensions */,
				7A551BC72902B31C00D772E9 /* Cells */,
				7A551BC12902B1B700D772E9 /* ViewModels */,
				7A551BC02902B1B500D772E9 /* Views */,
				7A551BBF2902B1B200D772E9 /* Models */,
				7A551BAD2902B08B00D772E9 /* AppDelegate.swift */,
				7A551BB42902B08B00D772E9 /* Assets.xcassets */,
				7A551BB92902B08B00D772E9 /* Info.plist */,
			);
			path = Project;
			sourceTree = "<group>";
		};
		7A551BBF2902B1B200D772E9 /* Models */ = {
			isa = PBXGroup;
			children = (
			);
			path = Models;
			sourceTree = "<group>";
		};
		7A551BC02902B1B500D772E9 /* Views */ = {
			isa = PBXGroup;
			children = (
				7A551BC42902B1EC00D772E9 /* Storyboards */,
				7A551BAF2902B08B00D772E9 /* MainChatViewController.swift */,
			);
			path = Views;
			sourceTree = "<group>";
		};
		7A551BC12902B1B700D772E9 /* ViewModels */ = {
			isa = PBXGroup;
			children = (
			);
			path = ViewModels;
			sourceTree = "<group>";
		};
		7A551BC22902B1B900D772E9 /* Extensions */ = {
			isa = PBXGroup;
			children = (
				7A551BC52902B24500D772E9 /* Bindable.swift */,
			);
			path = Extensions;
			sourceTree = "<group>";
		};
		7A551BC32902B1BC00D772E9 /* Info_Plist */ = {
			isa = PBXGroup;
			children = (
			);
			path = Info_Plist;
			sourceTree = "<group>";
		};
		7A551BC42902B1EC00D772E9 /* Storyboards */ = {
			isa = PBXGroup;
			children = (
				7A551BB12902B08B00D772E9 /* Main.storyboard */,
				7A551BB62902B08B00D772E9 /* LaunchScreen.storyboard */,
			);
			path = Storyboards;
			sourceTree = "<group>";
		};
		7A551BC72902B31C00D772E9 /* Cells */ = {
			isa = PBXGroup;
			children = (
				7A551BC82902B33F00D772E9 /* MainChatTableViewCell.swift */,
				7A551BCA2902BFF100D772E9 /* MainChatCollectionViewCell.swift */,
			);
			path = Cells;
			sourceTree = "<group>";
		};
/* End PBXGroup section */

/* Begin PBXNativeTarget section */
		7A551BA92902B08B00D772E9 /* Project */ = {
			isa = PBXNativeTarget;
			buildConfigurationList = 7A551BBC2902B08B00D772E9 /* Build configuration list for PBXNativeTarget "Project" */;
			buildPhases = (
				7A551BA62902B08B00D772E9 /* Sources */,
				7A551BA72902B08B00D772E9 /* Frameworks */,
				7A551BA82902B08B00D772E9 /* Resources */,
			);
			buildRules = (
			);
			dependencies = (
			);
			name = Project;
			productName = Project;
			productReference = 7A551BAA2902B08B00D772E9 /* Project.app */;
			productType = "com.apple.product-type.application";
		};
/* End PBXNativeTarget section */

/* Begin PBXProject section */
		7A551BA22902B08B00D772E9 /* Project object */ = {
			isa = PBXProject;
			attributes = {
				LastSwiftUpdateCheck = 1010;
				LastUpgradeCheck = 1010;
				ORGANIZATIONNAME = Evgeniy;
				TargetAttributes = {
					7A551BA92902B08B00D772E9 = {
						CreatedOnToolsVersion = 10.1;
					};
				};
			};
			buildConfigurationList = 7A551BA52902B08B00D772E9 /* Build configuration list for PBXProject "Project" */;
			compatibilityVersion = "Xcode 9.3";
			developmentRegion = en;
			hasScannedForEncodings = 0;
			knownRegions = (
				en,
				Base,
			);
			mainGroup = 7A551BA12902B08B00D772E9;
			productRefGroup = 7A551BAB2902B08B00D772E9 /* Products */;
			projectDirPath = "";
			projectRoot = "";
			targets = (
				7A551BA92902B08B00D772E9 /* Project */,
			);
		};
/* End PBXProject section */

/* Begin PBXResourcesBuildPhase section */
		7A551BA82902B08B00D772E9 /* Resources */ = {
			isa = PBXResourcesBuildPhase;
			buildActionMask = 2147483647;
			files = (
				7A551BB82902B08B00D772E9 /* LaunchScreen.storyboard in Resources */,
				7A551BB52902B08B00D772E9 /* Assets.xcassets in Resources */,
				7A551BB32902B08B00D772E9 /* Main.storyboard in Resources */,
			);
			runOnlyForDeploymentPostprocessing = 0;
		};
/* End PBXResourcesBuildPhase section */

/* Begin PBXSourcesBuildPhase section */
		7A551BA62902B08B00D772E9 /* Sources */ = {
			isa = PBXSourcesBuildPhase;
			buildActionMask = 2147483647;
			files = (
				7A551BCB2902BFF100D772E9 /* MainChatCollectionViewCell.swift in Sources */,
				7A551BB02902B08B00D772E9 /* MainChatViewController.swift in Sources */,
				7A551BAE2902B08B00D772E9 /* AppDelegate.swift in Sources */,
				7A551BC92902B33F00D772E9 /* MainChatTableViewCell.swift in Sources */,
				7A551BC62902B24500D772E9 /* Bindable.swift in Sources */,
			);
			runOnlyForDeploymentPostprocessing = 0;
		};
/* End PBXSourcesBuildPhase section */

/* Begin PBXVariantGroup section */
		7A551BB12902B08B00D772E9 /* Main.storyboard */ = {
			isa = PBXVariantGroup;
			children = (
				7A551BB22902B08B00D772E9 /* Base */,
			);
			name = Main.storyboard;
			sourceTree = "<group>";
		};
		7A551BB62902B08B00D772E9 /* LaunchScreen.storyboard */ = {
			isa = PBXVariantGroup;
			children = (
				7A551BB72902B08B00D772E9 /* Base */,
			);
			name = LaunchScreen.storyboard;
			sourceTree = "<group>";
		};
/* End PBXVariantGroup section */

/* Begin XCBuildConfiguration section */
		7A551BBA2902B08B00D772E9 /* Debug */ = {
			isa = XCBuildConfiguration;
			buildSettings = {
				ALWAYS_SEARCH_USER_PATHS = NO;
				CLANG_ANALYZER_NONNULL = YES;
				CLANG_ANALYZER_NUMBER_OBJECT_CONVERSION = YES_AGGRESSIVE;
				CLANG_CXX_LANGUAGE_STANDARD = "gnu++14";
				CLANG_CXX_LIBRARY = "libc++";
				CLANG_ENABLE_MODULES = YES;
				CLANG_ENABLE_OBJC_ARC = YES;
				CLANG_ENABLE_OBJC_WEAK = YES;
				CLANG_WARN_BLOCK_CAPTURE_AUTORELEASING = YES;
				CLANG_WARN_BOOL_CONVERSION = YES;
				CLANG_WARN_COMMA = YES;
				CLANG_WARN_CONSTANT_CONVERSION = YES;
				CLANG_WARN_DEPRECATED_OBJC_IMPLEMENTATIONS = YES;
				CLANG_WARN_DIRECT_OBJC_ISA_USAGE = YES_ERROR;
				CLANG_WARN_DOCUMENTATION_COMMENTS = YES;
				CLANG_WARN_EMPTY_BODY = YES;
				CLANG_WARN_ENUM_CONVERSION = YES;
				CLANG_WARN_INFINITE_RECURSION = YES;
				CLANG_WARN_INT_CONVERSION = YES;
				CLANG_WARN_NON_LITERAL_NULL_CONVERSION = YES;
				CLANG_WARN_OBJC_IMPLICIT_RETAIN_SELF = YES;
				CLANG_WARN_OBJC_LITERAL_CONVERSION = YES;
				CLANG_WARN_OBJC_ROOT_CLASS = YES_ERROR;
				CLANG_WARN_RANGE_LOOP_ANALYSIS = YES;
				CLANG_WARN_STRICT_PROTOTYPES = YES;
				CLANG_WARN_SUSPICIOUS_MOVE = YES;
				CLANG_WARN_UNGUARDED_AVAILABILITY = YES_AGGRESSIVE;
				CLANG_WARN_UNREACHABLE_CODE = YES;
				CLANG_WARN__DUPLICATE_METHOD_MATCH = YES;
				CODE_SIGN_IDENTITY = "iPhone Developer";
				COPY_PHASE_STRIP = NO;
				DEBUG_INFORMATION_FORMAT = dwarf;
				ENABLE_STRICT_OBJC_MSGSEND = YES;
				ENABLE_TESTABILITY = YES;
				GCC_C_LANGUAGE_STANDARD = gnu11;
				GCC_DYNAMIC_NO_PIC = NO;
				GCC_NO_COMMON_BLOCKS = YES;
				GCC_OPTIMIZATION_LEVEL = 0;
				GCC_PREPROCESSOR_DEFINITIONS = (
					"DEBUG=1",
					"$(inherited)",
				);
				GCC_WARN_64_TO_32_BIT_CONVERSION = YES;
				GCC_WARN_ABOUT_RETURN_TYPE = YES_ERROR;
				GCC_WARN_UNDECLARED_SELECTOR = YES;
				GCC_WARN_UNINITIALIZED_AUTOS = YES_AGGRESSIVE;
				GCC_WARN_UNUSED_FUNCTION = YES;
				GCC_WARN_UNUSED_VARIABLE = YES;
				IPHONEOS_DEPLOYMENT_TARGET = 12.1;
				MTL_ENABLE_DEBUG_INFO = INCLUDE_SOURCE;
				MTL_FAST_MATH = YES;
				ONLY_ACTIVE_ARCH = YES;
				SDKROOT = iphoneos;
				SWIFT_ACTIVE_COMPILATION_CONDITIONS = DEBUG;
				SWIFT_OPTIMIZATION_LEVEL = "-Onone";
			};
			name = Debug;
		};
		7A551BBB2902B08B00D772E9 /* Release */ = {
			isa = XCBuildConfiguration;
			buildSettings = {
				ALWAYS_SEARCH_USER_PATHS = NO;
				CLANG_ANALYZER_NONNULL = YES;
				CLANG_ANALYZER_NUMBER_OBJECT_CONVERSION = YES_AGGRESSIVE;
				CLANG_CXX_LANGUAGE_STANDARD = "gnu++14";
				CLANG_CXX_LIBRARY = "libc++";
				CLANG_ENABLE_MODULES = YES;
				CLANG_ENABLE_OBJC_ARC = YES;
				CLANG_ENABLE_OBJC_WEAK = YES;
				CLANG_WARN_BLOCK_CAPTURE_AUTORELEASING = YES;
				CLANG_WARN_BOOL_CONVERSION = YES;
				CLANG_WARN_COMMA = YES;
				CLANG_WARN_CONSTANT_CONVERSION = YES;
				CLANG_WARN_DEPRECATED_OBJC_IMPLEMENTATIONS = YES;
				CLANG_WARN_DIRECT_OBJC_ISA_USAGE = YES_ERROR;
				CLANG_WARN_DOCUMENTATION_COMMENTS = YES;
				CLANG_WARN_EMPTY_BODY = YES;
				CLANG_WARN_ENUM_CONVERSION = YES;
				CLANG_WARN_INFINITE_RECURSION = YES;
				CLANG_WARN_INT_CONVERSION = YES;
				CLANG_WARN_NON_LITERAL_NULL_CONVERSION = YES;
				CLANG_WARN_OBJC_IMPLICIT_RETAIN_SELF = YES;
				CLANG_WARN_OBJC_LITERAL_CONVERSION = YES;
				CLANG_WARN_OBJC_ROOT_CLASS = YES_ERROR;
				CLANG_WARN_RANGE_LOOP_ANALYSIS = YES;
				CLANG_WARN_STRICT_PROTOTYPES = YES;
				CLANG_WARN_SUSPICIOUS_MOVE = YES;
				CLANG_WARN_UNGUARDED_AVAILABILITY = YES_AGGRESSIVE;
				CLANG_WARN_UNREACHABLE_CODE = YES;
				CLANG_WARN__DUPLICATE_METHOD_MATCH = YES;
				CODE_SIGN_IDENTITY = "iPhone Developer";
				COPY_PHASE_STRIP = NO;
				DEBUG_INFORMATION_FORMAT = "dwarf-with-dsym";
				ENABLE_NS_ASSERTIONS = NO;
				ENABLE_STRICT_OBJC_MSGSEND = YES;
				GCC_C_LANGUAGE_STANDARD = gnu11;
				GCC_NO_COMMON_BLOCKS = YES;
				GCC_WARN_64_TO_32_BIT_CONVERSION = YES;
				GCC_WARN_ABOUT_RETURN_TYPE = YES_ERROR;
				GCC_WARN_UNDECLARED_SELECTOR = YES;
				GCC_WARN_UNINITIALIZED_AUTOS = YES_AGGRESSIVE;
				GCC_WARN_UNUSED_FUNCTION = YES;
				GCC_WARN_UNUSED_VARIABLE = YES;
				IPHONEOS_DEPLOYMENT_TARGET = 12.1;
				MTL_ENABLE_DEBUG_INFO = NO;
				MTL_FAST_MATH = YES;
				SDKROOT = iphoneos;
				SWIFT_COMPILATION_MODE = wholemodule;
				SWIFT_OPTIMIZATION_LEVEL = "-O";
				VALIDATE_PRODUCT = YES;
			};
			name = Release;
		};
		7A551BBD2902B08B00D772E9 /* Debug */ = {
			isa = XCBuildConfiguration;
			buildSettings = {
				ASSETCATALOG_COMPILER_APPICON_NAME = AppIcon;
				CODE_SIGN_STYLE = Automatic;
				INFOPLIST_FILE = Project/Info.plist;
				LD_RUNPATH_SEARCH_PATHS = (
					"$(inherited)",
					"@executable_path/Frameworks",
				);
				PRODUCT_BUNDLE_IDENTIFIER = Evgeniy.Project;
				PRODUCT_NAME = "$(TARGET_NAME)";
				SWIFT_VERSION = 4.2;
				TARGETED_DEVICE_FAMILY = "1,2";
			};
			name = Debug;
		};
		7A551BBE2902B08B00D772E9 /* Release */ = {
			isa = XCBuildConfiguration;
			buildSettings = {
				ASSETCATALOG_COMPILER_APPICON_NAME = AppIcon;
				CODE_SIGN_STYLE = Automatic;
				INFOPLIST_FILE = Project/Info.plist;
				LD_RUNPATH_SEARCH_PATHS = (
					"$(inherited)",
					"@executable_path/Frameworks",
				);
				PRODUCT_BUNDLE_IDENTIFIER = Evgeniy.Project;
				PRODUCT_NAME = "$(TARGET_NAME)";
				SWIFT_VERSION = 4.2;
				TARGETED_DEVICE_FAMILY = "1,2";
			};
			name = Release;
		};
/* End XCBuildConfiguration section */

/* Begin XCConfigurationList section */
		7A551BA52902B08B00D772E9 /* Build configuration list for PBXProject "Project" */ = {
			isa = XCConfigurationList;
			buildConfigurations = (
				7A551BBA2902B08B00D772E9 /* Debug */,
				7A551BBB2902B08B00D772E9 /* Release */,
			);
			defaultConfigurationIsVisible = 0;
			defaultConfigurationName = Release;
		};
		7A551BBC2902B08B00D772E9 /* Build configuration list for PBXNativeTarget "Project" */ = {
			isa = XCConfigurationList;
			buildConfigurations = (
				7A551BBD2902B08B00D772E9 /* Debug */,
				7A551BBE2902B08B00D772E9 /* Release */,
			);
			defaultConfigurationIsVisible = 0;
			defaultConfigurationName = Release;
		};
/* End XCConfigurationList section */
	};
	rootObject = 7A551BA22902B08B00D772E9 /* Project object */;
}
